// !$*UTF8*$!
{
	archiveVersion = 1;
	classes = {
	};
	objectVersion = 56;
	objects = {

/* Begin PBXBuildFile section */
		F01604EE2C78E2AB00ED663F /* AppDelegate.swift in Sources */ = {isa = PBXBuildFile; fileRef = F01604ED2C78E2AB00ED663F /* AppDelegate.swift */; };
		F01604F02C78E2AB00ED663F /* SceneDelegate.swift in Sources */ = {isa = PBXBuildFile; fileRef = F01604EF2C78E2AB00ED663F /* SceneDelegate.swift */; };
		F01604F22C78E2AB00ED663F /* MainViewController.swift in Sources */ = {isa = PBXBuildFile; fileRef = F01604F12C78E2AB00ED663F /* MainViewController.swift */; };
		F01604F82C78E2AB00ED663F /* ToDoList.xcdatamodeld in Sources */ = {isa = PBXBuildFile; fileRef = F01604F62C78E2AB00ED663F /* ToDoList.xcdatamodeld */; };
		F01604FA2C78E2B200ED663F /* Assets.xcassets in Resources */ = {isa = PBXBuildFile; fileRef = F01604F92C78E2B200ED663F /* Assets.xcassets */; };
		F01604FD2C78E2B200ED663F /* Base in Resources */ = {isa = PBXBuildFile; fileRef = F01604FC2C78E2B200ED663F /* Base */; };
		F01605082C78E2B200ED663F /* ToDoListTests.swift in Sources */ = {isa = PBXBuildFile; fileRef = F01605072C78E2B200ED663F /* ToDoListTests.swift */; };
		F01605122C78E2B300ED663F /* ToDoListUITests.swift in Sources */ = {isa = PBXBuildFile; fileRef = F01605112C78E2B300ED663F /* ToDoListUITests.swift */; };
		F01605142C78E2B300ED663F /* ToDoListUITestsLaunchTests.swift in Sources */ = {isa = PBXBuildFile; fileRef = F01605132C78E2B300ED663F /* ToDoListUITestsLaunchTests.swift */; };
		F01605242C78F44600ED663F /* MainConfigurator.swift in Sources */ = {isa = PBXBuildFile; fileRef = F01605232C78F44600ED663F /* MainConfigurator.swift */; };
		F016052E2C78FDF100ED663F /* MainPresenter.swift in Sources */ = {isa = PBXBuildFile; fileRef = F016052D2C78FDF100ED663F /* MainPresenter.swift */; };
		F01605302C78FE9300ED663F /* MainRouter.swift in Sources */ = {isa = PBXBuildFile; fileRef = F016052F2C78FE9300ED663F /* MainRouter.swift */; };
		F01605322C79007500ED663F /* MainProtocols.swift in Sources */ = {isa = PBXBuildFile; fileRef = F01605312C79007500ED663F /* MainProtocols.swift */; };
		F01605342C79009700ED663F /* MainInteractor.swift in Sources */ = {isa = PBXBuildFile; fileRef = F01605332C79009700ED663F /* MainInteractor.swift */; };
		F01605372C791FED00ED663F /* NetworkService.swift in Sources */ = {isa = PBXBuildFile; fileRef = F01605362C791FED00ED663F /* NetworkService.swift */; };
		F01605392C7A66F400ED663F /* TodoItem.swift in Sources */ = {isa = PBXBuildFile; fileRef = F01605382C7A66F400ED663F /* TodoItem.swift */; };
		F01605432C7B5D6100ED663F /* TodoItemTableViewCell.swift in Sources */ = {isa = PBXBuildFile; fileRef = F01605422C7B5D6100ED663F /* TodoItemTableViewCell.swift */; };
		F01605452C7D0ADE00ED663F /* TodoItemStore.swift in Sources */ = {isa = PBXBuildFile; fileRef = F01605442C7D0ADE00ED663F /* TodoItemStore.swift */; };
		F016054C2C80ED4F00ED663F /* UserDefaults+Extensions.swift in Sources */ = {isa = PBXBuildFile; fileRef = F016054B2C80ED4F00ED663F /* UserDefaults+Extensions.swift */; };
		F016054F2C80FAE100ED663F /* EditItemProtocols.swift in Sources */ = {isa = PBXBuildFile; fileRef = F016054E2C80FAE100ED663F /* EditItemProtocols.swift */; };
		F01605512C80FB6A00ED663F /* EditItemViewController.swift in Sources */ = {isa = PBXBuildFile; fileRef = F01605502C80FB6A00ED663F /* EditItemViewController.swift */; };
		F01605562C80FBA000ED663F /* EditItemRouter.swift in Sources */ = {isa = PBXBuildFile; fileRef = F01605552C80FBA000ED663F /* EditItemRouter.swift */; };
		F01605592C80FBB700ED663F /* EditItemInteractor.swift in Sources */ = {isa = PBXBuildFile; fileRef = F01605582C80FBB700ED663F /* EditItemInteractor.swift */; };
		F016055B2C80FBC700ED663F /* EditItemConfigurator.swift in Sources */ = {isa = PBXBuildFile; fileRef = F016055A2C80FBC700ED663F /* EditItemConfigurator.swift */; };
		F016055E2C80FBDB00ED663F /* EditItemPresenter.swift in Sources */ = {isa = PBXBuildFile; fileRef = F016055D2C80FBDB00ED663F /* EditItemPresenter.swift */; };
/* End PBXBuildFile section */

/* Begin PBXContainerItemProxy section */
		F01605042C78E2B200ED663F /* PBXContainerItemProxy */ = {
			isa = PBXContainerItemProxy;
			containerPortal = F01604E22C78E2AB00ED663F /* Project object */;
			proxyType = 1;
			remoteGlobalIDString = F01604E92C78E2AB00ED663F;
			remoteInfo = ToDoList;
		};
		F016050E2C78E2B300ED663F /* PBXContainerItemProxy */ = {
			isa = PBXContainerItemProxy;
			containerPortal = F01604E22C78E2AB00ED663F /* Project object */;
			proxyType = 1;
			remoteGlobalIDString = F01604E92C78E2AB00ED663F;
			remoteInfo = ToDoList;
		};
/* End PBXContainerItemProxy section */

/* Begin PBXFileReference section */
		F01604EA2C78E2AB00ED663F /* ToDoList.app */ = {isa = PBXFileReference; explicitFileType = wrapper.application; includeInIndex = 0; path = ToDoList.app; sourceTree = BUILT_PRODUCTS_DIR; };
		F01604ED2C78E2AB00ED663F /* AppDelegate.swift */ = {isa = PBXFileReference; lastKnownFileType = sourcecode.swift; path = AppDelegate.swift; sourceTree = "<group>"; };
		F01604EF2C78E2AB00ED663F /* SceneDelegate.swift */ = {isa = PBXFileReference; lastKnownFileType = sourcecode.swift; path = SceneDelegate.swift; sourceTree = "<group>"; };
		F01604F12C78E2AB00ED663F /* MainViewController.swift */ = {isa = PBXFileReference; lastKnownFileType = sourcecode.swift; path = MainViewController.swift; sourceTree = "<group>"; };
		F01604F72C78E2AB00ED663F /* ToDoList.xcdatamodel */ = {isa = PBXFileReference; lastKnownFileType = wrapper.xcdatamodel; path = ToDoList.xcdatamodel; sourceTree = "<group>"; };
		F01604F92C78E2B200ED663F /* Assets.xcassets */ = {isa = PBXFileReference; lastKnownFileType = folder.assetcatalog; path = Assets.xcassets; sourceTree = "<group>"; };
		F01604FC2C78E2B200ED663F /* Base */ = {isa = PBXFileReference; lastKnownFileType = file.storyboard; name = Base; path = Base.lproj/LaunchScreen.storyboard; sourceTree = "<group>"; };
		F01604FE2C78E2B200ED663F /* Info.plist */ = {isa = PBXFileReference; lastKnownFileType = text.plist.xml; path = Info.plist; sourceTree = "<group>"; };
		F01605032C78E2B200ED663F /* ToDoListTests.xctest */ = {isa = PBXFileReference; explicitFileType = wrapper.cfbundle; includeInIndex = 0; path = ToDoListTests.xctest; sourceTree = BUILT_PRODUCTS_DIR; };
		F01605072C78E2B200ED663F /* ToDoListTests.swift */ = {isa = PBXFileReference; lastKnownFileType = sourcecode.swift; path = ToDoListTests.swift; sourceTree = "<group>"; };
		F016050D2C78E2B300ED663F /* ToDoListUITests.xctest */ = {isa = PBXFileReference; explicitFileType = wrapper.cfbundle; includeInIndex = 0; path = ToDoListUITests.xctest; sourceTree = BUILT_PRODUCTS_DIR; };
		F01605112C78E2B300ED663F /* ToDoListUITests.swift */ = {isa = PBXFileReference; lastKnownFileType = sourcecode.swift; path = ToDoListUITests.swift; sourceTree = "<group>"; };
		F01605132C78E2B300ED663F /* ToDoListUITestsLaunchTests.swift */ = {isa = PBXFileReference; lastKnownFileType = sourcecode.swift; path = ToDoListUITestsLaunchTests.swift; sourceTree = "<group>"; };
		F01605232C78F44600ED663F /* MainConfigurator.swift */ = {isa = PBXFileReference; lastKnownFileType = sourcecode.swift; path = MainConfigurator.swift; sourceTree = "<group>"; };
		F016052D2C78FDF100ED663F /* MainPresenter.swift */ = {isa = PBXFileReference; lastKnownFileType = sourcecode.swift; path = MainPresenter.swift; sourceTree = "<group>"; };
		F016052F2C78FE9300ED663F /* MainRouter.swift */ = {isa = PBXFileReference; lastKnownFileType = sourcecode.swift; path = MainRouter.swift; sourceTree = "<group>"; };
		F01605312C79007500ED663F /* MainProtocols.swift */ = {isa = PBXFileReference; lastKnownFileType = sourcecode.swift; path = MainProtocols.swift; sourceTree = "<group>"; };
		F01605332C79009700ED663F /* MainInteractor.swift */ = {isa = PBXFileReference; lastKnownFileType = sourcecode.swift; path = MainInteractor.swift; sourceTree = "<group>"; };
		F01605362C791FED00ED663F /* NetworkService.swift */ = {isa = PBXFileReference; lastKnownFileType = sourcecode.swift; path = NetworkService.swift; sourceTree = "<group>"; };
		F01605382C7A66F400ED663F /* TodoItem.swift */ = {isa = PBXFileReference; lastKnownFileType = sourcecode.swift; path = TodoItem.swift; sourceTree = "<group>"; };
		F01605422C7B5D6100ED663F /* TodoItemTableViewCell.swift */ = {isa = PBXFileReference; lastKnownFileType = sourcecode.swift; path = TodoItemTableViewCell.swift; sourceTree = "<group>"; };
		F01605442C7D0ADE00ED663F /* TodoItemStore.swift */ = {isa = PBXFileReference; lastKnownFileType = sourcecode.swift; path = TodoItemStore.swift; sourceTree = "<group>"; };
		F016054B2C80ED4F00ED663F /* UserDefaults+Extensions.swift */ = {isa = PBXFileReference; lastKnownFileType = sourcecode.swift; path = "UserDefaults+Extensions.swift"; sourceTree = "<group>"; };
		F016054E2C80FAE100ED663F /* EditItemProtocols.swift */ = {isa = PBXFileReference; lastKnownFileType = sourcecode.swift; path = EditItemProtocols.swift; sourceTree = "<group>"; };
		F01605502C80FB6A00ED663F /* EditItemViewController.swift */ = {isa = PBXFileReference; lastKnownFileType = sourcecode.swift; path = EditItemViewController.swift; sourceTree = "<group>"; };
		F01605552C80FBA000ED663F /* EditItemRouter.swift */ = {isa = PBXFileReference; lastKnownFileType = sourcecode.swift; path = EditItemRouter.swift; sourceTree = "<group>"; };
		F01605582C80FBB700ED663F /* EditItemInteractor.swift */ = {isa = PBXFileReference; lastKnownFileType = sourcecode.swift; path = EditItemInteractor.swift; sourceTree = "<group>"; };
		F016055A2C80FBC700ED663F /* EditItemConfigurator.swift */ = {isa = PBXFileReference; lastKnownFileType = sourcecode.swift; path = EditItemConfigurator.swift; sourceTree = "<group>"; };
		F016055D2C80FBDB00ED663F /* EditItemPresenter.swift */ = {isa = PBXFileReference; lastKnownFileType = sourcecode.swift; path = EditItemPresenter.swift; sourceTree = "<group>"; };
/* End PBXFileReference section */

/* Begin PBXFrameworksBuildPhase section */
		F01604E72C78E2AB00ED663F /* Frameworks */ = {
			isa = PBXFrameworksBuildPhase;
			buildActionMask = 2147483647;
			files = (
			);
			runOnlyForDeploymentPostprocessing = 0;
		};
		F01605002C78E2B200ED663F /* Frameworks */ = {
			isa = PBXFrameworksBuildPhase;
			buildActionMask = 2147483647;
			files = (
			);
			runOnlyForDeploymentPostprocessing = 0;
		};
		F016050A2C78E2B300ED663F /* Frameworks */ = {
			isa = PBXFrameworksBuildPhase;
			buildActionMask = 2147483647;
			files = (
			);
			runOnlyForDeploymentPostprocessing = 0;
		};
/* End PBXFrameworksBuildPhase section */

/* Begin PBXGroup section */
		F01604E12C78E2AB00ED663F = {
			isa = PBXGroup;
			children = (
				F01604EC2C78E2AB00ED663F /* ToDoList */,
				F01605062C78E2B200ED663F /* ToDoListTests */,
				F01605102C78E2B300ED663F /* ToDoListUITests */,
				F01604EB2C78E2AB00ED663F /* Products */,
			);
			sourceTree = "<group>";
		};
		F01604EB2C78E2AB00ED663F /* Products */ = {
			isa = PBXGroup;
			children = (
				F01604EA2C78E2AB00ED663F /* ToDoList.app */,
				F01605032C78E2B200ED663F /* ToDoListTests.xctest */,
				F016050D2C78E2B300ED663F /* ToDoListUITests.xctest */,
			);
			name = Products;
			sourceTree = "<group>";
		};
		F01604EC2C78E2AB00ED663F /* ToDoList */ = {
			isa = PBXGroup;
			children = (
				F016054A2C80ED3900ED663F /* Helpers */,
				F01605352C791FB300ED663F /* Services */,
				F01605462C80E7A900ED663F /* Modules */,
				F01605202C78EDEA00ED663F /* Application */,
				F01605212C78EE2000ED663F /* Resources */,
				F01604F62C78E2AB00ED663F /* ToDoList.xcdatamodeld */,
			);
			path = ToDoList;
			sourceTree = "<group>";
		};
		F01605062C78E2B200ED663F /* ToDoListTests */ = {
			isa = PBXGroup;
			children = (
				F01605072C78E2B200ED663F /* ToDoListTests.swift */,
			);
			path = ToDoListTests;
			sourceTree = "<group>";
		};
		F01605102C78E2B300ED663F /* ToDoListUITests */ = {
			isa = PBXGroup;
			children = (
				F01605112C78E2B300ED663F /* ToDoListUITests.swift */,
				F01605132C78E2B300ED663F /* ToDoListUITestsLaunchTests.swift */,
			);
			path = ToDoListUITests;
			sourceTree = "<group>";
		};
		F01605202C78EDEA00ED663F /* Application */ = {
			isa = PBXGroup;
			children = (
				F01604ED2C78E2AB00ED663F /* AppDelegate.swift */,
				F01604EF2C78E2AB00ED663F /* SceneDelegate.swift */,
			);
			path = Application;
			sourceTree = "<group>";
		};
		F01605212C78EE2000ED663F /* Resources */ = {
			isa = PBXGroup;
			children = (
				F01604F92C78E2B200ED663F /* Assets.xcassets */,
				F01604FB2C78E2B200ED663F /* LaunchScreen.storyboard */,
				F01604FE2C78E2B200ED663F /* Info.plist */,
			);
			path = Resources;
			sourceTree = "<group>";
		};
		F01605222C78F24E00ED663F /* Main */ = {
			isa = PBXGroup;
			children = (
				F01605232C78F44600ED663F /* MainConfigurator.swift */,
				F01605412C7B5CB600ED663F /* Protocols */,
				F016053C2C7B5BAF00ED663F /* View */,
				F016053D2C7B5BF100ED663F /* Interactor */,
				F016053E2C7B5BF900ED663F /* Presenter */,
				F01605402C7B5C0F00ED663F /* Entity */,
				F016053F2C7B5C0300ED663F /* Router */,
			);
			path = Main;
			sourceTree = "<group>";
		};
		F01605352C791FB300ED663F /* Services */ = {
			isa = PBXGroup;
			children = (
				F01605362C791FED00ED663F /* NetworkService.swift */,
				F01605442C7D0ADE00ED663F /* TodoItemStore.swift */,
			);
			path = Services;
			sourceTree = "<group>";
		};
		F016053C2C7B5BAF00ED663F /* View */ = {
			isa = PBXGroup;
			children = (
				F01604F12C78E2AB00ED663F /* MainViewController.swift */,
				F01605422C7B5D6100ED663F /* TodoItemTableViewCell.swift */,
			);
			path = View;
			sourceTree = "<group>";
		};
		F016053D2C7B5BF100ED663F /* Interactor */ = {
			isa = PBXGroup;
			children = (
				F01605332C79009700ED663F /* MainInteractor.swift */,
			);
			path = Interactor;
			sourceTree = "<group>";
		};
		F016053E2C7B5BF900ED663F /* Presenter */ = {
			isa = PBXGroup;
			children = (
				F016052D2C78FDF100ED663F /* MainPresenter.swift */,
			);
			path = Presenter;
			sourceTree = "<group>";
		};
		F016053F2C7B5C0300ED663F /* Router */ = {
			isa = PBXGroup;
			children = (
				F016052F2C78FE9300ED663F /* MainRouter.swift */,
			);
			path = Router;
			sourceTree = "<group>";
		};
		F01605402C7B5C0F00ED663F /* Entity */ = {
			isa = PBXGroup;
			children = (
				F01605382C7A66F400ED663F /* TodoItem.swift */,
			);
			path = Entity;
			sourceTree = "<group>";
		};
		F01605412C7B5CB600ED663F /* Protocols */ = {
			isa = PBXGroup;
			children = (
				F01605312C79007500ED663F /* MainProtocols.swift */,
			);
			path = Protocols;
			sourceTree = "<group>";
		};
		F01605462C80E7A900ED663F /* Modules */ = {
			isa = PBXGroup;
			children = (
				F016054D2C80FA6C00ED663F /* EditItem */,
				F01605222C78F24E00ED663F /* Main */,
			);
			path = Modules;
			sourceTree = "<group>";
		};
		F016054A2C80ED3900ED663F /* Helpers */ = {
			isa = PBXGroup;
			children = (
				F016054B2C80ED4F00ED663F /* UserDefaults+Extensions.swift */,
			);
			path = Helpers;
			sourceTree = "<group>";
		};
		F016054D2C80FA6C00ED663F /* EditItem */ = {
			isa = PBXGroup;
			children = (
				F016055A2C80FBC700ED663F /* EditItemConfigurator.swift */,
				F01605532C80FB8700ED663F /* Protocols */,
				F01605522C80FB7F00ED663F /* View */,
				F01605572C80FBA800ED663F /* Interactor */,
				F016055C2C80FBCF00ED663F /* Presenter */,
				F01605542C80FB9000ED663F /* Router */,
			);
			path = EditItem;
			sourceTree = "<group>";
		};
		F01605522C80FB7F00ED663F /* View */ = {
			isa = PBXGroup;
			children = (
				F01605502C80FB6A00ED663F /* EditItemViewController.swift */,
			);
			path = View;
			sourceTree = "<group>";
		};
		F01605532C80FB8700ED663F /* Protocols */ = {
			isa = PBXGroup;
			children = (
				F016054E2C80FAE100ED663F /* EditItemProtocols.swift */,
			);
			path = Protocols;
			sourceTree = "<group>";
		};
		F01605542C80FB9000ED663F /* Router */ = {
			isa = PBXGroup;
			children = (
				F01605552C80FBA000ED663F /* EditItemRouter.swift */,
			);
			path = Router;
			sourceTree = "<group>";
		};
		F01605572C80FBA800ED663F /* Interactor */ = {
			isa = PBXGroup;
			children = (
				F01605582C80FBB700ED663F /* EditItemInteractor.swift */,
			);
			path = Interactor;
			sourceTree = "<group>";
		};
		F016055C2C80FBCF00ED663F /* Presenter */ = {
			isa = PBXGroup;
			children = (
				F016055D2C80FBDB00ED663F /* EditItemPresenter.swift */,
			);
			path = Presenter;
			sourceTree = "<group>";
		};
/* End PBXGroup section */

/* Begin PBXNativeTarget section */
		F01604E92C78E2AB00ED663F /* ToDoList */ = {
			isa = PBXNativeTarget;
			buildConfigurationList = F01605172C78E2B300ED663F /* Build configuration list for PBXNativeTarget "ToDoList" */;
			buildPhases = (
				F01604E62C78E2AB00ED663F /* Sources */,
				F01604E72C78E2AB00ED663F /* Frameworks */,
				F01604E82C78E2AB00ED663F /* Resources */,
			);
			buildRules = (
			);
			dependencies = (
			);
			name = ToDoList;
			productName = ToDoList;
			productReference = F01604EA2C78E2AB00ED663F /* ToDoList.app */;
			productType = "com.apple.product-type.application";
		};
		F01605022C78E2B200ED663F /* ToDoListTests */ = {
			isa = PBXNativeTarget;
			buildConfigurationList = F016051A2C78E2B300ED663F /* Build configuration list for PBXNativeTarget "ToDoListTests" */;
			buildPhases = (
				F01604FF2C78E2B200ED663F /* Sources */,
				F01605002C78E2B200ED663F /* Frameworks */,
				F01605012C78E2B200ED663F /* Resources */,
			);
			buildRules = (
			);
			dependencies = (
				F01605052C78E2B200ED663F /* PBXTargetDependency */,
			);
			name = ToDoListTests;
			productName = ToDoListTests;
			productReference = F01605032C78E2B200ED663F /* ToDoListTests.xctest */;
			productType = "com.apple.product-type.bundle.unit-test";
		};
		F016050C2C78E2B300ED663F /* ToDoListUITests */ = {
			isa = PBXNativeTarget;
			buildConfigurationList = F016051D2C78E2B300ED663F /* Build configuration list for PBXNativeTarget "ToDoListUITests" */;
			buildPhases = (
				F01605092C78E2B300ED663F /* Sources */,
				F016050A2C78E2B300ED663F /* Frameworks */,
				F016050B2C78E2B300ED663F /* Resources */,
			);
			buildRules = (
			);
			dependencies = (
				F016050F2C78E2B300ED663F /* PBXTargetDependency */,
			);
			name = ToDoListUITests;
			productName = ToDoListUITests;
			productReference = F016050D2C78E2B300ED663F /* ToDoListUITests.xctest */;
			productType = "com.apple.product-type.bundle.ui-testing";
		};
/* End PBXNativeTarget section */

/* Begin PBXProject section */
		F01604E22C78E2AB00ED663F /* Project object */ = {
			isa = PBXProject;
			attributes = {
				BuildIndependentTargetsInParallel = 1;
				LastSwiftUpdateCheck = 1540;
				LastUpgradeCheck = 1540;
				TargetAttributes = {
					F01604E92C78E2AB00ED663F = {
						CreatedOnToolsVersion = 15.4;
					};
					F01605022C78E2B200ED663F = {
						CreatedOnToolsVersion = 15.4;
						TestTargetID = F01604E92C78E2AB00ED663F;
					};
					F016050C2C78E2B300ED663F = {
						CreatedOnToolsVersion = 15.4;
						TestTargetID = F01604E92C78E2AB00ED663F;
					};
				};
			};
			buildConfigurationList = F01604E52C78E2AB00ED663F /* Build configuration list for PBXProject "ToDoList" */;
			compatibilityVersion = "Xcode 14.0";
			developmentRegion = en;
			hasScannedForEncodings = 0;
			knownRegions = (
				en,
				Base,
			);
			mainGroup = F01604E12C78E2AB00ED663F;
			productRefGroup = F01604EB2C78E2AB00ED663F /* Products */;
			projectDirPath = "";
			projectRoot = "";
			targets = (
				F01604E92C78E2AB00ED663F /* ToDoList */,
				F01605022C78E2B200ED663F /* ToDoListTests */,
				F016050C2C78E2B300ED663F /* ToDoListUITests */,
			);
		};
/* End PBXProject section */

/* Begin PBXResourcesBuildPhase section */
		F01604E82C78E2AB00ED663F /* Resources */ = {
			isa = PBXResourcesBuildPhase;
			buildActionMask = 2147483647;
			files = (
				F01604FA2C78E2B200ED663F /* Assets.xcassets in Resources */,
				F01604FD2C78E2B200ED663F /* Base in Resources */,
			);
			runOnlyForDeploymentPostprocessing = 0;
		};
		F01605012C78E2B200ED663F /* Resources */ = {
			isa = PBXResourcesBuildPhase;
			buildActionMask = 2147483647;
			files = (
			);
			runOnlyForDeploymentPostprocessing = 0;
		};
		F016050B2C78E2B300ED663F /* Resources */ = {
			isa = PBXResourcesBuildPhase;
			buildActionMask = 2147483647;
			files = (
			);
			runOnlyForDeploymentPostprocessing = 0;
		};
/* End PBXResourcesBuildPhase section */

/* Begin PBXSourcesBuildPhase section */
		F01604E62C78E2AB00ED663F /* Sources */ = {
			isa = PBXSourcesBuildPhase;
			buildActionMask = 2147483647;
			files = (
				F01604F22C78E2AB00ED663F /* MainViewController.swift in Sources */,
				F01604EE2C78E2AB00ED663F /* AppDelegate.swift in Sources */,
				F01604F02C78E2AB00ED663F /* SceneDelegate.swift in Sources */,
				F01605592C80FBB700ED663F /* EditItemInteractor.swift in Sources */,
				F016052E2C78FDF100ED663F /* MainPresenter.swift in Sources */,
				F016054C2C80ED4F00ED663F /* UserDefaults+Extensions.swift in Sources */,
				F01605372C791FED00ED663F /* NetworkService.swift in Sources */,
				F016055E2C80FBDB00ED663F /* EditItemPresenter.swift in Sources */,
				F01605392C7A66F400ED663F /* TodoItem.swift in Sources */,
				F016054F2C80FAE100ED663F /* EditItemProtocols.swift in Sources */,
				F01604F82C78E2AB00ED663F /* ToDoList.xcdatamodeld in Sources */,
				F01605562C80FBA000ED663F /* EditItemRouter.swift in Sources */,
				F01605242C78F44600ED663F /* MainConfigurator.swift in Sources */,
				F01605322C79007500ED663F /* MainProtocols.swift in Sources */,
				F01605512C80FB6A00ED663F /* EditItemViewController.swift in Sources */,
				F01605432C7B5D6100ED663F /* TodoItemTableViewCell.swift in Sources */,
				F016055B2C80FBC700ED663F /* EditItemConfigurator.swift in Sources */,
				F01605302C78FE9300ED663F /* MainRouter.swift in Sources */,
				F01605452C7D0ADE00ED663F /* TodoItemStore.swift in Sources */,
				F01605342C79009700ED663F /* MainInteractor.swift in Sources */,
			);
			runOnlyForDeploymentPostprocessing = 0;
		};
		F01604FF2C78E2B200ED663F /* Sources */ = {
			isa = PBXSourcesBuildPhase;
			buildActionMask = 2147483647;
			files = (
				F01605082C78E2B200ED663F /* ToDoListTests.swift in Sources */,
			);
			runOnlyForDeploymentPostprocessing = 0;
		};
		F01605092C78E2B300ED663F /* Sources */ = {
			isa = PBXSourcesBuildPhase;
			buildActionMask = 2147483647;
			files = (
				F01605142C78E2B300ED663F /* ToDoListUITestsLaunchTests.swift in Sources */,
				F01605122C78E2B300ED663F /* ToDoListUITests.swift in Sources */,
			);
			runOnlyForDeploymentPostprocessing = 0;
		};
/* End PBXSourcesBuildPhase section */

/* Begin PBXTargetDependency section */
		F01605052C78E2B200ED663F /* PBXTargetDependency */ = {
			isa = PBXTargetDependency;
			target = F01604E92C78E2AB00ED663F /* ToDoList */;
			targetProxy = F01605042C78E2B200ED663F /* PBXContainerItemProxy */;
		};
		F016050F2C78E2B300ED663F /* PBXTargetDependency */ = {
			isa = PBXTargetDependency;
			target = F01604E92C78E2AB00ED663F /* ToDoList */;
			targetProxy = F016050E2C78E2B300ED663F /* PBXContainerItemProxy */;
		};
/* End PBXTargetDependency section */

/* Begin PBXVariantGroup section */
		F01604FB2C78E2B200ED663F /* LaunchScreen.storyboard */ = {
			isa = PBXVariantGroup;
			children = (
				F01604FC2C78E2B200ED663F /* Base */,
			);
			name = LaunchScreen.storyboard;
			sourceTree = "<group>";
		};
/* End PBXVariantGroup section */

/* Begin XCBuildConfiguration section */
		F01605152C78E2B300ED663F /* Debug */ = {
			isa = XCBuildConfiguration;
			buildSettings = {
				ALWAYS_SEARCH_USER_PATHS = NO;
				ASSETCATALOG_COMPILER_GENERATE_SWIFT_ASSET_SYMBOL_EXTENSIONS = YES;
				CLANG_ANALYZER_NONNULL = YES;
				CLANG_ANALYZER_NUMBER_OBJECT_CONVERSION = YES_AGGRESSIVE;
				CLANG_CXX_LANGUAGE_STANDARD = "gnu++20";
				CLANG_ENABLE_MODULES = YES;
				CLANG_ENABLE_OBJC_ARC = YES;
				CLANG_ENABLE_OBJC_WEAK = YES;
				CLANG_WARN_BLOCK_CAPTURE_AUTORELEASING = YES;
				CLANG_WARN_BOOL_CONVERSION = YES;
				CLANG_WARN_COMMA = YES;
				CLANG_WARN_CONSTANT_CONVERSION = YES;
				CLANG_WARN_DEPRECATED_OBJC_IMPLEMENTATIONS = YES;
				CLANG_WARN_DIRECT_OBJC_ISA_USAGE = YES_ERROR;
				CLANG_WARN_DOCUMENTATION_COMMENTS = YES;
				CLANG_WARN_EMPTY_BODY = YES;
				CLANG_WARN_ENUM_CONVERSION = YES;
				CLANG_WARN_INFINITE_RECURSION = YES;
				CLANG_WARN_INT_CONVERSION = YES;
				CLANG_WARN_NON_LITERAL_NULL_CONVERSION = YES;
				CLANG_WARN_OBJC_IMPLICIT_RETAIN_SELF = YES;
				CLANG_WARN_OBJC_LITERAL_CONVERSION = YES;
				CLANG_WARN_OBJC_ROOT_CLASS = YES_ERROR;
				CLANG_WARN_QUOTED_INCLUDE_IN_FRAMEWORK_HEADER = YES;
				CLANG_WARN_RANGE_LOOP_ANALYSIS = YES;
				CLANG_WARN_STRICT_PROTOTYPES = YES;
				CLANG_WARN_SUSPICIOUS_MOVE = YES;
				CLANG_WARN_UNGUARDED_AVAILABILITY = YES_AGGRESSIVE;
				CLANG_WARN_UNREACHABLE_CODE = YES;
				CLANG_WARN__DUPLICATE_METHOD_MATCH = YES;
				COPY_PHASE_STRIP = NO;
				DEBUG_INFORMATION_FORMAT = dwarf;
				ENABLE_STRICT_OBJC_MSGSEND = YES;
				ENABLE_TESTABILITY = YES;
				ENABLE_USER_SCRIPT_SANDBOXING = YES;
				GCC_C_LANGUAGE_STANDARD = gnu17;
				GCC_DYNAMIC_NO_PIC = NO;
				GCC_NO_COMMON_BLOCKS = YES;
				GCC_OPTIMIZATION_LEVEL = 0;
				GCC_PREPROCESSOR_DEFINITIONS = (
					"DEBUG=1",
					"$(inherited)",
				);
				GCC_WARN_64_TO_32_BIT_CONVERSION = YES;
				GCC_WARN_ABOUT_RETURN_TYPE = YES_ERROR;
				GCC_WARN_UNDECLARED_SELECTOR = YES;
				GCC_WARN_UNINITIALIZED_AUTOS = YES_AGGRESSIVE;
				GCC_WARN_UNUSED_FUNCTION = YES;
				GCC_WARN_UNUSED_VARIABLE = YES;
				IPHONEOS_DEPLOYMENT_TARGET = 17.5;
				LOCALIZATION_PREFERS_STRING_CATALOGS = YES;
				MTL_ENABLE_DEBUG_INFO = INCLUDE_SOURCE;
				MTL_FAST_MATH = YES;
				ONLY_ACTIVE_ARCH = YES;
				SDKROOT = iphoneos;
				SWIFT_ACTIVE_COMPILATION_CONDITIONS = "DEBUG $(inherited)";
				SWIFT_OPTIMIZATION_LEVEL = "-Onone";
			};
			name = Debug;
		};
		F01605162C78E2B300ED663F /* Release */ = {
			isa = XCBuildConfiguration;
			buildSettings = {
				ALWAYS_SEARCH_USER_PATHS = NO;
				ASSETCATALOG_COMPILER_GENERATE_SWIFT_ASSET_SYMBOL_EXTENSIONS = YES;
				CLANG_ANALYZER_NONNULL = YES;
				CLANG_ANALYZER_NUMBER_OBJECT_CONVERSION = YES_AGGRESSIVE;
				CLANG_CXX_LANGUAGE_STANDARD = "gnu++20";
				CLANG_ENABLE_MODULES = YES;
				CLANG_ENABLE_OBJC_ARC = YES;
				CLANG_ENABLE_OBJC_WEAK = YES;
				CLANG_WARN_BLOCK_CAPTURE_AUTORELEASING = YES;
				CLANG_WARN_BOOL_CONVERSION = YES;
				CLANG_WARN_COMMA = YES;
				CLANG_WARN_CONSTANT_CONVERSION = YES;
				CLANG_WARN_DEPRECATED_OBJC_IMPLEMENTATIONS = YES;
				CLANG_WARN_DIRECT_OBJC_ISA_USAGE = YES_ERROR;
				CLANG_WARN_DOCUMENTATION_COMMENTS = YES;
				CLANG_WARN_EMPTY_BODY = YES;
				CLANG_WARN_ENUM_CONVERSION = YES;
				CLANG_WARN_INFINITE_RECURSION = YES;
				CLANG_WARN_INT_CONVERSION = YES;
				CLANG_WARN_NON_LITERAL_NULL_CONVERSION = YES;
				CLANG_WARN_OBJC_IMPLICIT_RETAIN_SELF = YES;
				CLANG_WARN_OBJC_LITERAL_CONVERSION = YES;
				CLANG_WARN_OBJC_ROOT_CLASS = YES_ERROR;
				CLANG_WARN_QUOTED_INCLUDE_IN_FRAMEWORK_HEADER = YES;
				CLANG_WARN_RANGE_LOOP_ANALYSIS = YES;
				CLANG_WARN_STRICT_PROTOTYPES = YES;
				CLANG_WARN_SUSPICIOUS_MOVE = YES;
				CLANG_WARN_UNGUARDED_AVAILABILITY = YES_AGGRESSIVE;
				CLANG_WARN_UNREACHABLE_CODE = YES;
				CLANG_WARN__DUPLICATE_METHOD_MATCH = YES;
				COPY_PHASE_STRIP = NO;
				DEBUG_INFORMATION_FORMAT = "dwarf-with-dsym";
				ENABLE_NS_ASSERTIONS = NO;
				ENABLE_STRICT_OBJC_MSGSEND = YES;
				ENABLE_USER_SCRIPT_SANDBOXING = YES;
				GCC_C_LANGUAGE_STANDARD = gnu17;
				GCC_NO_COMMON_BLOCKS = YES;
				GCC_WARN_64_TO_32_BIT_CONVERSION = YES;
				GCC_WARN_ABOUT_RETURN_TYPE = YES_ERROR;
				GCC_WARN_UNDECLARED_SELECTOR = YES;
				GCC_WARN_UNINITIALIZED_AUTOS = YES_AGGRESSIVE;
				GCC_WARN_UNUSED_FUNCTION = YES;
				GCC_WARN_UNUSED_VARIABLE = YES;
				IPHONEOS_DEPLOYMENT_TARGET = 17.5;
				LOCALIZATION_PREFERS_STRING_CATALOGS = YES;
				MTL_ENABLE_DEBUG_INFO = NO;
				MTL_FAST_MATH = YES;
				SDKROOT = iphoneos;
				SWIFT_COMPILATION_MODE = wholemodule;
				VALIDATE_PRODUCT = YES;
			};
			name = Release;
		};
		F01605182C78E2B300ED663F /* Debug */ = {
			isa = XCBuildConfiguration;
			buildSettings = {
				ASSETCATALOG_COMPILER_APPICON_NAME = AppIcon;
				ASSETCATALOG_COMPILER_GLOBAL_ACCENT_COLOR_NAME = AccentColor;
				CODE_SIGN_STYLE = Automatic;
				CURRENT_PROJECT_VERSION = 1;
				DEVELOPMENT_TEAM = 3SG3MUV83U;
				GENERATE_INFOPLIST_FILE = YES;
				INFOPLIST_FILE = ToDoList/Resources/Info.plist;
				INFOPLIST_KEY_UIApplicationSupportsIndirectInputEvents = YES;
				INFOPLIST_KEY_UILaunchStoryboardName = LaunchScreen;
				INFOPLIST_KEY_UISupportedInterfaceOrientations_iPad = "UIInterfaceOrientationPortrait UIInterfaceOrientationPortraitUpsideDown UIInterfaceOrientationLandscapeLeft UIInterfaceOrientationLandscapeRight";
				INFOPLIST_KEY_UISupportedInterfaceOrientations_iPhone = "UIInterfaceOrientationPortrait UIInterfaceOrientationLandscapeLeft UIInterfaceOrientationLandscapeRight";
				LD_RUNPATH_SEARCH_PATHS = (
					"$(inherited)",
					"@executable_path/Frameworks",
				);
				MARKETING_VERSION = 1.0;
				PRODUCT_BUNDLE_IDENTIFIER = com.Bogdawaa.ToDoList;
				PRODUCT_NAME = "$(TARGET_NAME)";
				SUPPORTED_PLATFORMS = "iphoneos iphonesimulator";
				SUPPORTS_MACCATALYST = NO;
				SUPPORTS_XR_DESIGNED_FOR_IPHONE_IPAD = NO;
				SWIFT_EMIT_LOC_STRINGS = YES;
				SWIFT_VERSION = 5.0;
				TARGETED_DEVICE_FAMILY = 1;
			};
			name = Debug;
		};
		F01605192C78E2B300ED663F /* Release */ = {
			isa = XCBuildConfiguration;
			buildSettings = {
				ASSETCATALOG_COMPILER_APPICON_NAME = AppIcon;
				ASSETCATALOG_COMPILER_GLOBAL_ACCENT_COLOR_NAME = AccentColor;
				CODE_SIGN_STYLE = Automatic;
				CURRENT_PROJECT_VERSION = 1;
				DEVELOPMENT_TEAM = 3SG3MUV83U;
				GENERATE_INFOPLIST_FILE = YES;
				INFOPLIST_FILE = ToDoList/Resources/Info.plist;
				INFOPLIST_KEY_UIApplicationSupportsIndirectInputEvents = YES;
				INFOPLIST_KEY_UILaunchStoryboardName = LaunchScreen;
				INFOPLIST_KEY_UISupportedInterfaceOrientations_iPad = "UIInterfaceOrientationPortrait UIInterfaceOrientationPortraitUpsideDown UIInterfaceOrientationLandscapeLeft UIInterfaceOrientationLandscapeRight";
				INFOPLIST_KEY_UISupportedInterfaceOrientations_iPhone = "UIInterfaceOrientationPortrait UIInterfaceOrientationLandscapeLeft UIInterfaceOrientationLandscapeRight";
				LD_RUNPATH_SEARCH_PATHS = (
					"$(inherited)",
					"@executable_path/Frameworks",
				);
				MARKETING_VERSION = 1.0;
				PRODUCT_BUNDLE_IDENTIFIER = com.Bogdawaa.ToDoList;
				PRODUCT_NAME = "$(TARGET_NAME)";
				SUPPORTED_PLATFORMS = "iphoneos iphonesimulator";
				SUPPORTS_MACCATALYST = NO;
				SUPPORTS_XR_DESIGNED_FOR_IPHONE_IPAD = NO;
				SWIFT_EMIT_LOC_STRINGS = YES;
				SWIFT_VERSION = 5.0;
				TARGETED_DEVICE_FAMILY = 1;
			};
			name = Release;
		};
		F016051B2C78E2B300ED663F /* Debug */ = {
			isa = XCBuildConfiguration;
			buildSettings = {
				ALWAYS_EMBED_SWIFT_STANDARD_LIBRARIES = YES;
				BUNDLE_LOADER = "$(TEST_HOST)";
				CODE_SIGN_STYLE = Automatic;
				CURRENT_PROJECT_VERSION = 1;
				DEVELOPMENT_TEAM = 3SG3MUV83U;
				GENERATE_INFOPLIST_FILE = YES;
				IPHONEOS_DEPLOYMENT_TARGET = 17.5;
				MARKETING_VERSION = 1.0;
				PRODUCT_BUNDLE_IDENTIFIER = com.Bogdawaa.ToDoListTests;
				PRODUCT_NAME = "$(TARGET_NAME)";
				SWIFT_EMIT_LOC_STRINGS = NO;
				SWIFT_VERSION = 5.0;
				TARGETED_DEVICE_FAMILY = "1,2";
				TEST_HOST = "$(BUILT_PRODUCTS_DIR)/ToDoList.app/$(BUNDLE_EXECUTABLE_FOLDER_PATH)/ToDoList";
			};
			name = Debug;
		};
		F016051C2C78E2B300ED663F /* Release */ = {
			isa = XCBuildConfiguration;
			buildSettings = {
				ALWAYS_EMBED_SWIFT_STANDARD_LIBRARIES = YES;
				BUNDLE_LOADER = "$(TEST_HOST)";
				CODE_SIGN_STYLE = Automatic;
				CURRENT_PROJECT_VERSION = 1;
				DEVELOPMENT_TEAM = 3SG3MUV83U;
				GENERATE_INFOPLIST_FILE = YES;
				IPHONEOS_DEPLOYMENT_TARGET = 17.5;
				MARKETING_VERSION = 1.0;
				PRODUCT_BUNDLE_IDENTIFIER = com.Bogdawaa.ToDoListTests;
				PRODUCT_NAME = "$(TARGET_NAME)";
				SWIFT_EMIT_LOC_STRINGS = NO;
				SWIFT_VERSION = 5.0;
				TARGETED_DEVICE_FAMILY = "1,2";
				TEST_HOST = "$(BUILT_PRODUCTS_DIR)/ToDoList.app/$(BUNDLE_EXECUTABLE_FOLDER_PATH)/ToDoList";
			};
			name = Release;
		};
		F016051E2C78E2B300ED663F /* Debug */ = {
			isa = XCBuildConfiguration;
			buildSettings = {
				ALWAYS_EMBED_SWIFT_STANDARD_LIBRARIES = YES;
				CODE_SIGN_STYLE = Automatic;
				CURRENT_PROJECT_VERSION = 1;
				DEVELOPMENT_TEAM = 3SG3MUV83U;
				GENERATE_INFOPLIST_FILE = YES;
				MARKETING_VERSION = 1.0;
				PRODUCT_BUNDLE_IDENTIFIER = com.Bogdawaa.ToDoListUITests;
				PRODUCT_NAME = "$(TARGET_NAME)";
				SWIFT_EMIT_LOC_STRINGS = NO;
				SWIFT_VERSION = 5.0;
				TARGETED_DEVICE_FAMILY = "1,2";
				TEST_TARGET_NAME = ToDoList;
			};
			name = Debug;
		};
		F016051F2C78E2B300ED663F /* Release */ = {
			isa = XCBuildConfiguration;
			buildSettings = {
				ALWAYS_EMBED_SWIFT_STANDARD_LIBRARIES = YES;
				CODE_SIGN_STYLE = Automatic;
				CURRENT_PROJECT_VERSION = 1;
				DEVELOPMENT_TEAM = 3SG3MUV83U;
				GENERATE_INFOPLIST_FILE = YES;
				MARKETING_VERSION = 1.0;
				PRODUCT_BUNDLE_IDENTIFIER = com.Bogdawaa.ToDoListUITests;
				PRODUCT_NAME = "$(TARGET_NAME)";
				SWIFT_EMIT_LOC_STRINGS = NO;
				SWIFT_VERSION = 5.0;
				TARGETED_DEVICE_FAMILY = "1,2";
				TEST_TARGET_NAME = ToDoList;
			};
			name = Release;
		};
/* End XCBuildConfiguration section */

/* Begin XCConfigurationList section */
		F01604E52C78E2AB00ED663F /* Build configuration list for PBXProject "ToDoList" */ = {
			isa = XCConfigurationList;
			buildConfigurations = (
				F01605152C78E2B300ED663F /* Debug */,
				F01605162C78E2B300ED663F /* Release */,
			);
			defaultConfigurationIsVisible = 0;
			defaultConfigurationName = Release;
		};
		F01605172C78E2B300ED663F /* Build configuration list for PBXNativeTarget "ToDoList" */ = {
			isa = XCConfigurationList;
			buildConfigurations = (
				F01605182C78E2B300ED663F /* Debug */,
				F01605192C78E2B300ED663F /* Release */,
			);
			defaultConfigurationIsVisible = 0;
			defaultConfigurationName = Release;
		};
		F016051A2C78E2B300ED663F /* Build configuration list for PBXNativeTarget "ToDoListTests" */ = {
			isa = XCConfigurationList;
			buildConfigurations = (
				F016051B2C78E2B300ED663F /* Debug */,
				F016051C2C78E2B300ED663F /* Release */,
			);
			defaultConfigurationIsVisible = 0;
			defaultConfigurationName = Release;
		};
		F016051D2C78E2B300ED663F /* Build configuration list for PBXNativeTarget "ToDoListUITests" */ = {
			isa = XCConfigurationList;
			buildConfigurations = (
				F016051E2C78E2B300ED663F /* Debug */,
				F016051F2C78E2B300ED663F /* Release */,
			);
			defaultConfigurationIsVisible = 0;
			defaultConfigurationName = Release;
		};
/* End XCConfigurationList section */

/* Begin XCVersionGroup section */
		F01604F62C78E2AB00ED663F /* ToDoList.xcdatamodeld */ = {
			isa = XCVersionGroup;
			children = (
				F01604F72C78E2AB00ED663F /* ToDoList.xcdatamodel */,
			);
			currentVersion = F01604F72C78E2AB00ED663F /* ToDoList.xcdatamodel */;
			path = ToDoList.xcdatamodeld;
			sourceTree = "<group>";
			versionGroupType = wrapper.xcdatamodel;
		};
/* End XCVersionGroup section */
	};
	rootObject = F01604E22C78E2AB00ED663F /* Project object */;
}
